// !$*UTF8*$!
{
	archiveVersion = 1;
	classes = {
	};
	objectVersion = 50;
	objects = {

/* Begin PBXBuildFile section */
		049389B524BD337300C3D1CB /* AppDelegate.m in Sources */ = {isa = PBXBuildFile; fileRef = 049389B424BD337300C3D1CB /* AppDelegate.m */; };
		049389B824BD337300C3D1CB /* SceneDelegate.m in Sources */ = {isa = PBXBuildFile; fileRef = 049389B724BD337300C3D1CB /* SceneDelegate.m */; };
		049389BB24BD337300C3D1CB /* ViewController.m in Sources */ = {isa = PBXBuildFile; fileRef = 049389BA24BD337300C3D1CB /* ViewController.m */; };
		049389BE24BD337300C3D1CB /* Main.storyboard in Resources */ = {isa = PBXBuildFile; fileRef = 049389BC24BD337300C3D1CB /* Main.storyboard */; };
		049389C024BD337400C3D1CB /* Assets.xcassets in Resources */ = {isa = PBXBuildFile; fileRef = 049389BF24BD337400C3D1CB /* Assets.xcassets */; };
		049389C324BD337400C3D1CB /* LaunchScreen.storyboard in Resources */ = {isa = PBXBuildFile; fileRef = 049389C124BD337400C3D1CB /* LaunchScreen.storyboard */; };
		049389C624BD337400C3D1CB /* main.m in Sources */ = {isa = PBXBuildFile; fileRef = 049389C524BD337400C3D1CB /* main.m */; };
		049389D024BD337400C3D1CB /* AudioDemoTests.m in Sources */ = {isa = PBXBuildFile; fileRef = 049389CF24BD337400C3D1CB /* AudioDemoTests.m */; };
		049389DB24BD337400C3D1CB /* AudioDemoUITests.m in Sources */ = {isa = PBXBuildFile; fileRef = 049389DA24BD337400C3D1CB /* AudioDemoUITests.m */; };
		049389EA24BD391500C3D1CB /* bubbs.wav in Resources */ = {isa = PBXBuildFile; fileRef = 049389E824BD391500C3D1CB /* bubbs.wav */; };
		049389EB24BD391500C3D1CB /* rain.wav in Resources */ = {isa = PBXBuildFile; fileRef = 049389E924BD391500C3D1CB /* rain.wav */; };
/* End PBXBuildFile section */

/* Begin PBXContainerItemProxy section */
		049389CC24BD337400C3D1CB /* PBXContainerItemProxy */ = {
			isa = PBXContainerItemProxy;
			containerPortal = 049389A824BD337300C3D1CB /* Project object */;
			proxyType = 1;
			remoteGlobalIDString = 049389AF24BD337300C3D1CB;
			remoteInfo = AudioDemo;
		};
		049389D724BD337400C3D1CB /* PBXContainerItemProxy */ = {
			isa = PBXContainerItemProxy;
			containerPortal = 049389A824BD337300C3D1CB /* Project object */;
			proxyType = 1;
			remoteGlobalIDString = 049389AF24BD337300C3D1CB;
			remoteInfo = AudioDemo;
		};
/* End PBXContainerItemProxy section */

/* Begin PBXFileReference section */
		049389B024BD337300C3D1CB /* AudioDemo.app */ = {isa = PBXFileReference; explicitFileType = wrapper.application; includeInIndex = 0; path = AudioDemo.app; sourceTree = BUILT_PRODUCTS_DIR; };
		049389B324BD337300C3D1CB /* AppDelegate.h */ = {isa = PBXFileReference; lastKnownFileType = sourcecode.c.h; path = AppDelegate.h; sourceTree = "<group>"; };
		049389B424BD337300C3D1CB /* AppDelegate.m */ = {isa = PBXFileReference; lastKnownFileType = sourcecode.c.objc; path = AppDelegate.m; sourceTree = "<group>"; };
		049389B624BD337300C3D1CB /* SceneDelegate.h */ = {isa = PBXFileReference; lastKnownFileType = sourcecode.c.h; path = SceneDelegate.h; sourceTree = "<group>"; };
		049389B724BD337300C3D1CB /* SceneDelegate.m */ = {isa = PBXFileReference; lastKnownFileType = sourcecode.c.objc; path = SceneDelegate.m; sourceTree = "<group>"; };
		049389B924BD337300C3D1CB /* ViewController.h */ = {isa = PBXFileReference; lastKnownFileType = sourcecode.c.h; path = ViewController.h; sourceTree = "<group>"; };
		049389BA24BD337300C3D1CB /* ViewController.m */ = {isa = PBXFileReference; lastKnownFileType = sourcecode.c.objc; path = ViewController.m; sourceTree = "<group>"; };
		049389BD24BD337300C3D1CB /* Base */ = {isa = PBXFileReference; lastKnownFileType = file.storyboard; name = Base; path = Base.lproj/Main.storyboard; sourceTree = "<group>"; };
		049389BF24BD337400C3D1CB /* Assets.xcassets */ = {isa = PBXFileReference; lastKnownFileType = folder.assetcatalog; path = Assets.xcassets; sourceTree = "<group>"; };
		049389C224BD337400C3D1CB /* Base */ = {isa = PBXFileReference; lastKnownFileType = file.storyboard; name = Base; path = Base.lproj/LaunchScreen.storyboard; sourceTree = "<group>"; };
		049389C424BD337400C3D1CB /* Info.plist */ = {isa = PBXFileReference; lastKnownFileType = text.plist.xml; path = Info.plist; sourceTree = "<group>"; };
		049389C524BD337400C3D1CB /* main.m */ = {isa = PBXFileReference; lastKnownFileType = sourcecode.c.objc; path = main.m; sourceTree = "<group>"; };
		049389CB24BD337400C3D1CB /* AudioDemoTests.xctest */ = {isa = PBXFileReference; explicitFileType = wrapper.cfbundle; includeInIndex = 0; path = AudioDemoTests.xctest; sourceTree = BUILT_PRODUCTS_DIR; };
		049389CF24BD337400C3D1CB /* AudioDemoTests.m */ = {isa = PBXFileReference; lastKnownFileType = sourcecode.c.objc; path = AudioDemoTests.m; sourceTree = "<group>"; };
		049389D124BD337400C3D1CB /* Info.plist */ = {isa = PBXFileReference; lastKnownFileType = text.plist.xml; path = Info.plist; sourceTree = "<group>"; };
		049389D624BD337400C3D1CB /* AudioDemoUITests.xctest */ = {isa = PBXFileReference; explicitFileType = wrapper.cfbundle; includeInIndex = 0; path = AudioDemoUITests.xctest; sourceTree = BUILT_PRODUCTS_DIR; };
		049389DA24BD337400C3D1CB /* AudioDemoUITests.m */ = {isa = PBXFileReference; lastKnownFileType = sourcecode.c.objc; path = AudioDemoUITests.m; sourceTree = "<group>"; };
		049389DC24BD337400C3D1CB /* Info.plist */ = {isa = PBXFileReference; lastKnownFileType = text.plist.xml; path = Info.plist; sourceTree = "<group>"; };
		049389E824BD391500C3D1CB /* bubbs.wav */ = {isa = PBXFileReference; lastKnownFileType = audio.wav; path = bubbs.wav; sourceTree = "<group>"; };
		049389E924BD391500C3D1CB /* rain.wav */ = {isa = PBXFileReference; lastKnownFileType = audio.wav; path = rain.wav; sourceTree = "<group>"; };
/* End PBXFileReference section */

/* Begin PBXFrameworksBuildPhase section */
		049389AD24BD337300C3D1CB /* Frameworks */ = {
			isa = PBXFrameworksBuildPhase;
			buildActionMask = 2147483647;
			files = (
			);
			runOnlyForDeploymentPostprocessing = 0;
		};
		049389C824BD337400C3D1CB /* Frameworks */ = {
			isa = PBXFrameworksBuildPhase;
			buildActionMask = 2147483647;
			files = (
			);
			runOnlyForDeploymentPostprocessing = 0;
		};
		049389D324BD337400C3D1CB /* Frameworks */ = {
			isa = PBXFrameworksBuildPhase;
			buildActionMask = 2147483647;
			files = (
			);
			runOnlyForDeploymentPostprocessing = 0;
		};
/* End PBXFrameworksBuildPhase section */

/* Begin PBXGroup section */
		049389A724BD337300C3D1CB = {
			isa = PBXGroup;
			children = (
				049389B224BD337300C3D1CB /* AudioDemo */,
				049389CE24BD337400C3D1CB /* AudioDemoTests */,
				049389D924BD337400C3D1CB /* AudioDemoUITests */,
				049389B124BD337300C3D1CB /* Products */,
			);
			sourceTree = "<group>";
		};
		049389B124BD337300C3D1CB /* Products */ = {
			isa = PBXGroup;
			children = (
				049389B024BD337300C3D1CB /* AudioDemo.app */,
				049389CB24BD337400C3D1CB /* AudioDemoTests.xctest */,
				049389D624BD337400C3D1CB /* AudioDemoUITests.xctest */,
			);
			name = Products;
			sourceTree = "<group>";
		};
		049389B224BD337300C3D1CB /* AudioDemo */ = {
			isa = PBXGroup;
			children = (
				049389B324BD337300C3D1CB /* AppDelegate.h */,
				049389B424BD337300C3D1CB /* AppDelegate.m */,
				049389B624BD337300C3D1CB /* SceneDelegate.h */,
				049389B724BD337300C3D1CB /* SceneDelegate.m */,
				049389B924BD337300C3D1CB /* ViewController.h */,
				049389BA24BD337300C3D1CB /* ViewController.m */,
				049389BC24BD337300C3D1CB /* Main.storyboard */,
				049389BF24BD337400C3D1CB /* Assets.xcassets */,
				049389E824BD391500C3D1CB /* bubbs.wav */,
				049389E924BD391500C3D1CB /* rain.wav */,
				049389C124BD337400C3D1CB /* LaunchScreen.storyboard */,
				049389C424BD337400C3D1CB /* Info.plist */,
				049389C524BD337400C3D1CB /* main.m */,
			);
			path = AudioDemo;
			sourceTree = "<group>";
		};
		049389CE24BD337400C3D1CB /* AudioDemoTests */ = {
			isa = PBXGroup;
			children = (
				049389CF24BD337400C3D1CB /* AudioDemoTests.m */,
				049389D124BD337400C3D1CB /* Info.plist */,
			);
			path = AudioDemoTests;
			sourceTree = "<group>";
		};
		049389D924BD337400C3D1CB /* AudioDemoUITests */ = {
			isa = PBXGroup;
			children = (
				049389DA24BD337400C3D1CB /* AudioDemoUITests.m */,
				049389DC24BD337400C3D1CB /* Info.plist */,
			);
			path = AudioDemoUITests;
			sourceTree = "<group>";
		};
/* End PBXGroup section */

/* Begin PBXNativeTarget section */
		049389AF24BD337300C3D1CB /* AudioDemo */ = {
			isa = PBXNativeTarget;
			buildConfigurationList = 049389DF24BD337400C3D1CB /* Build configuration list for PBXNativeTarget "AudioDemo" */;
			buildPhases = (
				049389AC24BD337300C3D1CB /* Sources */,
				049389AD24BD337300C3D1CB /* Frameworks */,
				049389AE24BD337300C3D1CB /* Resources */,
			);
			buildRules = (
			);
			dependencies = (
			);
			name = AudioDemo;
			productName = AudioDemo;
			productReference = 049389B024BD337300C3D1CB /* AudioDemo.app */;
			productType = "com.apple.product-type.application";
		};
		049389CA24BD337400C3D1CB /* AudioDemoTests */ = {
			isa = PBXNativeTarget;
			buildConfigurationList = 049389E224BD337400C3D1CB /* Build configuration list for PBXNativeTarget "AudioDemoTests" */;
			buildPhases = (
				049389C724BD337400C3D1CB /* Sources */,
				049389C824BD337400C3D1CB /* Frameworks */,
				049389C924BD337400C3D1CB /* Resources */,
			);
			buildRules = (
			);
			dependencies = (
				049389CD24BD337400C3D1CB /* PBXTargetDependency */,
			);
			name = AudioDemoTests;
			productName = AudioDemoTests;
			productReference = 049389CB24BD337400C3D1CB /* AudioDemoTests.xctest */;
			productType = "com.apple.product-type.bundle.unit-test";
		};
		049389D524BD337400C3D1CB /* AudioDemoUITests */ = {
			isa = PBXNativeTarget;
			buildConfigurationList = 049389E524BD337400C3D1CB /* Build configuration list for PBXNativeTarget "AudioDemoUITests" */;
			buildPhases = (
				049389D224BD337400C3D1CB /* Sources */,
				049389D324BD337400C3D1CB /* Frameworks */,
				049389D424BD337400C3D1CB /* Resources */,
			);
			buildRules = (
			);
			dependencies = (
				049389D824BD337400C3D1CB /* PBXTargetDependency */,
			);
			name = AudioDemoUITests;
			productName = AudioDemoUITests;
			productReference = 049389D624BD337400C3D1CB /* AudioDemoUITests.xctest */;
			productType = "com.apple.product-type.bundle.ui-testing";
		};
/* End PBXNativeTarget section */

/* Begin PBXProject section */
		049389A824BD337300C3D1CB /* Project object */ = {
			isa = PBXProject;
			attributes = {
				LastUpgradeCheck = 1150;
				ORGANIZATIONNAME = TLLTD;
				TargetAttributes = {
					049389AF24BD337300C3D1CB = {
						CreatedOnToolsVersion = 11.5;
					};
					049389CA24BD337400C3D1CB = {
						CreatedOnToolsVersion = 11.5;
						TestTargetID = 049389AF24BD337300C3D1CB;
					};
					049389D524BD337400C3D1CB = {
						CreatedOnToolsVersion = 11.5;
						TestTargetID = 049389AF24BD337300C3D1CB;
					};
				};
			};
			buildConfigurationList = 049389AB24BD337300C3D1CB /* Build configuration list for PBXProject "AudioDemo" */;
			compatibilityVersion = "Xcode 9.3";
			developmentRegion = en;
			hasScannedForEncodings = 0;
			knownRegions = (
				en,
				Base,
			);
			mainGroup = 049389A724BD337300C3D1CB;
			productRefGroup = 049389B124BD337300C3D1CB /* Products */;
			projectDirPath = "";
			projectRoot = "";
			targets = (
				049389AF24BD337300C3D1CB /* AudioDemo */,
				049389CA24BD337400C3D1CB /* AudioDemoTests */,
				049389D524BD337400C3D1CB /* AudioDemoUITests */,
			);
		};
/* End PBXProject section */

/* Begin PBXResourcesBuildPhase section */
		049389AE24BD337300C3D1CB /* Resources */ = {
			isa = PBXResourcesBuildPhase;
			buildActionMask = 2147483647;
			files = (
				049389EB24BD391500C3D1CB /* rain.wav in Resources */,
				049389C324BD337400C3D1CB /* LaunchScreen.storyboard in Resources */,
				049389C024BD337400C3D1CB /* Assets.xcassets in Resources */,
				049389BE24BD337300C3D1CB /* Main.storyboard in Resources */,
				049389EA24BD391500C3D1CB /* bubbs.wav in Resources */,
			);
			runOnlyForDeploymentPostprocessing = 0;
		};
		049389C924BD337400C3D1CB /* Resources */ = {
			isa = PBXResourcesBuildPhase;
			buildActionMask = 2147483647;
			files = (
			);
			runOnlyForDeploymentPostprocessing = 0;
		};
		049389D424BD337400C3D1CB /* Resources */ = {
			isa = PBXResourcesBuildPhase;
			buildActionMask = 2147483647;
			files = (
			);
			runOnlyForDeploymentPostprocessing = 0;
		};
/* End PBXResourcesBuildPhase section */

/* Begin PBXSourcesBuildPhase section */
		049389AC24BD337300C3D1CB /* Sources */ = {
			isa = PBXSourcesBuildPhase;
			buildActionMask = 2147483647;
			files = (
				049389BB24BD337300C3D1CB /* ViewController.m in Sources */,
				049389B524BD337300C3D1CB /* AppDelegate.m in Sources */,
				049389C624BD337400C3D1CB /* main.m in Sources */,
				049389B824BD337300C3D1CB /* SceneDelegate.m in Sources */,
			);
			runOnlyForDeploymentPostprocessing = 0;
		};
		049389C724BD337400C3D1CB /* Sources */ = {
			isa = PBXSourcesBuildPhase;
			buildActionMask = 2147483647;
			files = (
				049389D024BD337400C3D1CB /* AudioDemoTests.m in Sources */,
			);
			runOnlyForDeploymentPostprocessing = 0;
		};
		049389D224BD337400C3D1CB /* Sources */ = {
			isa = PBXSourcesBuildPhase;
			buildActionMask = 2147483647;
			files = (
				049389DB24BD337400C3D1CB /* AudioDemoUITests.m in Sources */,
			);
			runOnlyForDeploymentPostprocessing = 0;
		};
/* End PBXSourcesBuildPhase section */

/* Begin PBXTargetDependency section */
		049389CD24BD337400C3D1CB /* PBXTargetDependency */ = {
			isa = PBXTargetDependency;
			target = 049389AF24BD337300C3D1CB /* AudioDemo */;
			targetProxy = 049389CC24BD337400C3D1CB /* PBXContainerItemProxy */;
		};
		049389D824BD337400C3D1CB /* PBXTargetDependency */ = {
			isa = PBXTargetDependency;
			target = 049389AF24BD337300C3D1CB /* AudioDemo */;
			targetProxy = 049389D724BD337400C3D1CB /* PBXContainerItemProxy */;
		};
/* End PBXTargetDependency section */

/* Begin PBXVariantGroup section */
		049389BC24BD337300C3D1CB /* Main.storyboard */ = {
			isa = PBXVariantGroup;
			children = (
				049389BD24BD337300C3D1CB /* Base */,
			);
			name = Main.storyboard;
			sourceTree = "<group>";
		};
		049389C124BD337400C3D1CB /* LaunchScreen.storyboard */ = {
			isa = PBXVariantGroup;
			children = (
				049389C224BD337400C3D1CB /* Base */,
			);
			name = LaunchScreen.storyboard;
			sourceTree = "<group>";
		};
/* End PBXVariantGroup section */

/* Begin XCBuildConfiguration section */
		049389DD24BD337400C3D1CB /* Debug */ = {
			isa = XCBuildConfiguration;
			buildSettings = {
				ALWAYS_SEARCH_USER_PATHS = NO;
				CLANG_ANALYZER_NONNULL = YES;
				CLANG_ANALYZER_NUMBER_OBJECT_CONVERSION = YES_AGGRESSIVE;
				CLANG_CXX_LANGUAGE_STANDARD = "gnu++14";
				CLANG_CXX_LIBRARY = "libc++";
				CLANG_ENABLE_MODULES = YES;
				CLANG_ENABLE_OBJC_ARC = YES;
				CLANG_ENABLE_OBJC_WEAK = YES;
				CLANG_WARN_BLOCK_CAPTURE_AUTORELEASING = YES;
				CLANG_WARN_BOOL_CONVERSION = YES;
				CLANG_WARN_COMMA = YES;
				CLANG_WARN_CONSTANT_CONVERSION = YES;
				CLANG_WARN_DEPRECATED_OBJC_IMPLEMENTATIONS = YES;
				CLANG_WARN_DIRECT_OBJC_ISA_USAGE = YES_ERROR;
				CLANG_WARN_DOCUMENTATION_COMMENTS = YES;
				CLANG_WARN_EMPTY_BODY = YES;
				CLANG_WARN_ENUM_CONVERSION = YES;
				CLANG_WARN_INFINITE_RECURSION = YES;
				CLANG_WARN_INT_CONVERSION = YES;
				CLANG_WARN_NON_LITERAL_NULL_CONVERSION = YES;
				CLANG_WARN_OBJC_IMPLICIT_RETAIN_SELF = YES;
				CLANG_WARN_OBJC_LITERAL_CONVERSION = YES;
				CLANG_WARN_OBJC_ROOT_CLASS = YES_ERROR;
				CLANG_WARN_RANGE_LOOP_ANALYSIS = YES;
				CLANG_WARN_STRICT_PROTOTYPES = YES;
				CLANG_WARN_SUSPICIOUS_MOVE = YES;
				CLANG_WARN_UNGUARDED_AVAILABILITY = YES_AGGRESSIVE;
				CLANG_WARN_UNREACHABLE_CODE = YES;
				CLANG_WARN__DUPLICATE_METHOD_MATCH = YES;
				COPY_PHASE_STRIP = NO;
				DEBUG_INFORMATION_FORMAT = dwarf;
				ENABLE_STRICT_OBJC_MSGSEND = YES;
				ENABLE_TESTABILITY = YES;
				GCC_C_LANGUAGE_STANDARD = gnu11;
				GCC_DYNAMIC_NO_PIC = NO;
				GCC_NO_COMMON_BLOCKS = YES;
				GCC_OPTIMIZATION_LEVEL = 0;
				GCC_PREPROCESSOR_DEFINITIONS = (
					"DEBUG=1",
					"$(inherited)",
				);
				GCC_WARN_64_TO_32_BIT_CONVERSION = YES;
				GCC_WARN_ABOUT_RETURN_TYPE = YES_ERROR;
				GCC_WARN_UNDECLARED_SELECTOR = YES;
				GCC_WARN_UNINITIALIZED_AUTOS = YES_AGGRESSIVE;
				GCC_WARN_UNUSED_FUNCTION = YES;
				GCC_WARN_UNUSED_VARIABLE = YES;
				IPHONEOS_DEPLOYMENT_TARGET = 13.5;
				MTL_ENABLE_DEBUG_INFO = INCLUDE_SOURCE;
				MTL_FAST_MATH = YES;
				ONLY_ACTIVE_ARCH = YES;
				SDKROOT = iphoneos;
			};
			name = Debug;
		};
		049389DE24BD337400C3D1CB /* Release */ = {
			isa = XCBuildConfiguration;
			buildSettings = {
				ALWAYS_SEARCH_USER_PATHS = NO;
				CLANG_ANALYZER_NONNULL = YES;
				CLANG_ANALYZER_NUMBER_OBJECT_CONVERSION = YES_AGGRESSIVE;
				CLANG_CXX_LANGUAGE_STANDARD = "gnu++14";
				CLANG_CXX_LIBRARY = "libc++";
				CLANG_ENABLE_MODULES = YES;
				CLANG_ENABLE_OBJC_ARC = YES;
				CLANG_ENABLE_OBJC_WEAK = YES;
				CLANG_WARN_BLOCK_CAPTURE_AUTORELEASING = YES;
				CLANG_WARN_BOOL_CONVERSION = YES;
				CLANG_WARN_COMMA = YES;
				CLANG_WARN_CONSTANT_CONVERSION = YES;
				CLANG_WARN_DEPRECATED_OBJC_IMPLEMENTATIONS = YES;
				CLANG_WARN_DIRECT_OBJC_ISA_USAGE = YES_ERROR;
				CLANG_WARN_DOCUMENTATION_COMMENTS = YES;
				CLANG_WARN_EMPTY_BODY = YES;
				CLANG_WARN_ENUM_CONVERSION = YES;
				CLANG_WARN_INFINITE_RECURSION = YES;
				CLANG_WARN_INT_CONVERSION = YES;
				CLANG_WARN_NON_LITERAL_NULL_CONVERSION = YES;
				CLANG_WARN_OBJC_IMPLICIT_RETAIN_SELF = YES;
				CLANG_WARN_OBJC_LITERAL_CONVERSION = YES;
				CLANG_WARN_OBJC_ROOT_CLASS = YES_ERROR;
				CLANG_WARN_RANGE_LOOP_ANALYSIS = YES;
				CLANG_WARN_STRICT_PROTOTYPES = YES;
				CLANG_WARN_SUSPICIOUS_MOVE = YES;
				CLANG_WARN_UNGUARDED_AVAILABILITY = YES_AGGRESSIVE;
				CLANG_WARN_UNREACHABLE_CODE = YES;
				CLANG_WARN__DUPLICATE_METHOD_MATCH = YES;
				COPY_PHASE_STRIP = NO;
				DEBUG_INFORMATION_FORMAT = "dwarf-with-dsym";
				ENABLE_NS_ASSERTIONS = NO;
				ENABLE_STRICT_OBJC_MSGSEND = YES;
				GCC_C_LANGUAGE_STANDARD = gnu11;
				GCC_NO_COMMON_BLOCKS = YES;
				GCC_WARN_64_TO_32_BIT_CONVERSION = YES;
				GCC_WARN_ABOUT_RETURN_TYPE = YES_ERROR;
				GCC_WARN_UNDECLARED_SELECTOR = YES;
				GCC_WARN_UNINITIALIZED_AUTOS = YES_AGGRESSIVE;
				GCC_WARN_UNUSED_FUNCTION = YES;
				GCC_WARN_UNUSED_VARIABLE = YES;
				IPHONEOS_DEPLOYMENT_TARGET = 13.5;
				MTL_ENABLE_DEBUG_INFO = NO;
				MTL_FAST_MATH = YES;
				SDKROOT = iphoneos;
				VALIDATE_PRODUCT = YES;
			};
			name = Release;
		};
		049389E024BD337400C3D1CB /* Debug */ = {
			isa = XCBuildConfiguration;
			buildSettings = {
				ASSETCATALOG_COMPILER_APPICON_NAME = AppIcon;
				CODE_SIGN_STYLE = Automatic;
				DEVELOPMENT_TEAM = LPF3349M6Q;
				INFOPLIST_FILE = AudioDemo/Info.plist;
				LD_RUNPATH_SEARCH_PATHS = (
					"$(inherited)",
					"@executable_path/Frameworks",
				);
				PRODUCT_BUNDLE_IDENTIFIER = TLTech.AudioDemo;
				PRODUCT_NAME = "$(TARGET_NAME)";
				TARGETED_DEVICE_FAMILY = "1,2";
			};
			name = Debug;
		};
		049389E124BD337400C3D1CB /* Release */ = {
			isa = XCBuildConfiguration;
			buildSettings = {
				ASSETCATALOG_COMPILER_APPICON_NAME = AppIcon;
				CODE_SIGN_STYLE = Automatic;
				DEVELOPMENT_TEAM = LPF3349M6Q;
				INFOPLIST_FILE = AudioDemo/Info.plist;
				LD_RUNPATH_SEARCH_PATHS = (
					"$(inherited)",
					"@executable_path/Frameworks",
				);
				PRODUCT_BUNDLE_IDENTIFIER = TLTech.AudioDemo;
				PRODUCT_NAME = "$(TARGET_NAME)";
				TARGETED_DEVICE_FAMILY = "1,2";
			};
			name = Release;
		};
		049389E324BD337400C3D1CB /* Debug */ = {
			isa = XCBuildConfiguration;
			buildSettings = {
				BUNDLE_LOADER = "$(TEST_HOST)";
				CODE_SIGN_STYLE = Automatic;
				DEVELOPMENT_TEAM = LPF3349M6Q;
				INFOPLIST_FILE = AudioDemoTests/Info.plist;
				IPHONEOS_DEPLOYMENT_TARGET = 13.5;
				LD_RUNPATH_SEARCH_PATHS = (
					"$(inherited)",
					"@executable_path/Frameworks",
					"@loader_path/Frameworks",
				);
				PRODUCT_BUNDLE_IDENTIFIER = TLTech.AudioDemoTests;
				PRODUCT_NAME = "$(TARGET_NAME)";
				TARGETED_DEVICE_FAMILY = "1,2";
				TEST_HOST = "$(BUILT_PRODUCTS_DIR)/AudioDemo.app/AudioDemo";
			};
			name = Debug;
		};
		049389E424BD337400C3D1CB /* Release */ = {
			isa = XCBuildConfiguration;
			buildSettings = {
				BUNDLE_LOADER = "$(TEST_HOST)";
				CODE_SIGN_STYLE = Automatic;
				DEVELOPMENT_TEAM = LPF3349M6Q;
				INFOPLIST_FILE = AudioDemoTests/Info.plist;
				IPHONEOS_DEPLOYMENT_TARGET = 13.5;
				LD_RUNPATH_SEARCH_PATHS = (
					"$(inherited)",
					"@executable_path/Frameworks",
					"@loader_path/Frameworks",
				);
				PRODUCT_BUNDLE_IDENTIFIER = TLTech.AudioDemoTests;
				PRODUCT_NAME = "$(TARGET_NAME)";
				TARGETED_DEVICE_FAMILY = "1,2";
				TEST_HOST = "$(BUILT_PRODUCTS_DIR)/AudioDemo.app/AudioDemo";
			};
			name = Release;
		};
		049389E624BD337400C3D1CB /* Debug */ = {
			isa = XCBuildConfiguration;
			buildSettings = {
				CODE_SIGN_STYLE = Automatic;
				DEVELOPMENT_TEAM = LPF3349M6Q;
				INFOPLIST_FILE = AudioDemoUITests/Info.plist;
				LD_RUNPATH_SEARCH_PATHS = (
					"$(inherited)",
					"@executable_path/Frameworks",
					"@loader_path/Frameworks",
				);
				PRODUCT_BUNDLE_IDENTIFIER = TLTech.AudioDemoUITests;
				PRODUCT_NAME = "$(TARGET_NAME)";
				TARGETED_DEVICE_FAMILY = "1,2";
				TEST_TARGET_NAME = AudioDemo;
			};
			name = Debug;
		};
		049389E724BD337400C3D1CB /* Release */ = {
			isa = XCBuildConfiguration;
			buildSettings = {
				CODE_SIGN_STYLE = Automatic;
				DEVELOPMENT_TEAM = LPF3349M6Q;
				INFOPLIST_FILE = AudioDemoUITests/Info.plist;
				LD_RUNPATH_SEARCH_PATHS = (
					"$(inherited)",
					"@executable_path/Frameworks",
					"@loader_path/Frameworks",
				);
				PRODUCT_BUNDLE_IDENTIFIER = TLTech.AudioDemoUITests;
				PRODUCT_NAME = "$(TARGET_NAME)";
				TARGETED_DEVICE_FAMILY = "1,2";
				TEST_TARGET_NAME = AudioDemo;
			};
			name = Release;
		};
/* End XCBuildConfiguration section */

/* Begin XCConfigurationList section */
		049389AB24BD337300C3D1CB /* Build configuration list for PBXProject "AudioDemo" */ = {
			isa = XCConfigurationList;
			buildConfigurations = (
				049389DD24BD337400C3D1CB /* Debug */,
				049389DE24BD337400C3D1CB /* Release */,
			);
			defaultConfigurationIsVisible = 0;
			defaultConfigurationName = Release;
		};
		049389DF24BD337400C3D1CB /* Build configuration list for PBXNativeTarget "AudioDemo" */ = {
			isa = XCConfigurationList;
			buildConfigurations = (
				049389E024BD337400C3D1CB /* Debug */,
				049389E124BD337400C3D1CB /* Release */,
			);
			defaultConfigurationIsVisible = 0;
			defaultConfigurationName = Release;
		};
		049389E224BD337400C3D1CB /* Build configuration list for PBXNativeTarget "AudioDemoTests" */ = {
			isa = XCConfigurationList;
			buildConfigurations = (
				049389E324BD337400C3D1CB /* Debug */,
				049389E424BD337400C3D1CB /* Release */,
			);
			defaultConfigurationIsVisible = 0;
			defaultConfigurationName = Release;
		};
		049389E524BD337400C3D1CB /* Build configuration list for PBXNativeTarget "AudioDemoUITests" */ = {
			isa = XCConfigurationList;
			buildConfigurations = (
				049389E624BD337400C3D1CB /* Debug */,
				049389E724BD337400C3D1CB /* Release */,
			);
			defaultConfigurationIsVisible = 0;
			defaultConfigurationName = Release;
		};
/* End XCConfigurationList section */
	};
	rootObject = 049389A824BD337300C3D1CB /* Project object */;
}
