// !$*UTF8*$!
{
	archiveVersion = 1;
	classes = {
	};
	objectVersion = 50;
	objects = {

/* Begin PBXBuildFile section */
		04545FE224373623002A3E6B /* AppDelegate.m in Sources */ = {isa = PBXBuildFile; fileRef = 04545FE124373623002A3E6B /* AppDelegate.m */; };
		04545FE524373623002A3E6B /* SceneDelegate.m in Sources */ = {isa = PBXBuildFile; fileRef = 04545FE424373623002A3E6B /* SceneDelegate.m */; };
		04545FE824373623002A3E6B /* ViewController.m in Sources */ = {isa = PBXBuildFile; fileRef = 04545FE724373623002A3E6B /* ViewController.m */; };
		04545FEB24373623002A3E6B /* Main.storyboard in Resources */ = {isa = PBXBuildFile; fileRef = 04545FE924373623002A3E6B /* Main.storyboard */; };
		04545FED24373624002A3E6B /* Assets.xcassets in Resources */ = {isa = PBXBuildFile; fileRef = 04545FEC24373624002A3E6B /* Assets.xcassets */; };
		04545FF024373624002A3E6B /* LaunchScreen.storyboard in Resources */ = {isa = PBXBuildFile; fileRef = 04545FEE24373624002A3E6B /* LaunchScreen.storyboard */; };
		04545FF324373624002A3E6B /* main.m in Sources */ = {isa = PBXBuildFile; fileRef = 04545FF224373624002A3E6B /* main.m */; };
		04545FFD24373624002A3E6B /* GCDDemoTests.m in Sources */ = {isa = PBXBuildFile; fileRef = 04545FFC24373624002A3E6B /* GCDDemoTests.m */; };
		0454600824373624002A3E6B /* GCDDemoUITests.m in Sources */ = {isa = PBXBuildFile; fileRef = 0454600724373624002A3E6B /* GCDDemoUITests.m */; };
/* End PBXBuildFile section */

/* Begin PBXContainerItemProxy section */
		04545FF924373624002A3E6B /* PBXContainerItemProxy */ = {
			isa = PBXContainerItemProxy;
			containerPortal = 04545FD524373623002A3E6B /* Project object */;
			proxyType = 1;
			remoteGlobalIDString = 04545FDC24373623002A3E6B;
			remoteInfo = GCDDemo;
		};
		0454600424373624002A3E6B /* PBXContainerItemProxy */ = {
			isa = PBXContainerItemProxy;
			containerPortal = 04545FD524373623002A3E6B /* Project object */;
			proxyType = 1;
			remoteGlobalIDString = 04545FDC24373623002A3E6B;
			remoteInfo = GCDDemo;
		};
/* End PBXContainerItemProxy section */

/* Begin PBXFileReference section */
		04545FDD24373623002A3E6B /* GCDDemo.app */ = {isa = PBXFileReference; explicitFileType = wrapper.application; includeInIndex = 0; path = GCDDemo.app; sourceTree = BUILT_PRODUCTS_DIR; };
		04545FE024373623002A3E6B /* AppDelegate.h */ = {isa = PBXFileReference; lastKnownFileType = sourcecode.c.h; path = AppDelegate.h; sourceTree = "<group>"; };
		04545FE124373623002A3E6B /* AppDelegate.m */ = {isa = PBXFileReference; lastKnownFileType = sourcecode.c.objc; path = AppDelegate.m; sourceTree = "<group>"; };
		04545FE324373623002A3E6B /* SceneDelegate.h */ = {isa = PBXFileReference; lastKnownFileType = sourcecode.c.h; path = SceneDelegate.h; sourceTree = "<group>"; };
		04545FE424373623002A3E6B /* SceneDelegate.m */ = {isa = PBXFileReference; lastKnownFileType = sourcecode.c.objc; path = SceneDelegate.m; sourceTree = "<group>"; };
		04545FE624373623002A3E6B /* ViewController.h */ = {isa = PBXFileReference; lastKnownFileType = sourcecode.c.h; path = ViewController.h; sourceTree = "<group>"; };
		04545FE724373623002A3E6B /* ViewController.m */ = {isa = PBXFileReference; lastKnownFileType = sourcecode.c.objc; path = ViewController.m; sourceTree = "<group>"; };
		04545FEA24373623002A3E6B /* Base */ = {isa = PBXFileReference; lastKnownFileType = file.storyboard; name = Base; path = Base.lproj/Main.storyboard; sourceTree = "<group>"; };
		04545FEC24373624002A3E6B /* Assets.xcassets */ = {isa = PBXFileReference; lastKnownFileType = folder.assetcatalog; path = Assets.xcassets; sourceTree = "<group>"; };
		04545FEF24373624002A3E6B /* Base */ = {isa = PBXFileReference; lastKnownFileType = file.storyboard; name = Base; path = Base.lproj/LaunchScreen.storyboard; sourceTree = "<group>"; };
		04545FF124373624002A3E6B /* Info.plist */ = {isa = PBXFileReference; lastKnownFileType = text.plist.xml; path = Info.plist; sourceTree = "<group>"; };
		04545FF224373624002A3E6B /* main.m */ = {isa = PBXFileReference; lastKnownFileType = sourcecode.c.objc; path = main.m; sourceTree = "<group>"; };
		04545FF824373624002A3E6B /* GCDDemoTests.xctest */ = {isa = PBXFileReference; explicitFileType = wrapper.cfbundle; includeInIndex = 0; path = GCDDemoTests.xctest; sourceTree = BUILT_PRODUCTS_DIR; };
		04545FFC24373624002A3E6B /* GCDDemoTests.m */ = {isa = PBXFileReference; lastKnownFileType = sourcecode.c.objc; path = GCDDemoTests.m; sourceTree = "<group>"; };
		04545FFE24373624002A3E6B /* Info.plist */ = {isa = PBXFileReference; lastKnownFileType = text.plist.xml; path = Info.plist; sourceTree = "<group>"; };
		0454600324373624002A3E6B /* GCDDemoUITests.xctest */ = {isa = PBXFileReference; explicitFileType = wrapper.cfbundle; includeInIndex = 0; path = GCDDemoUITests.xctest; sourceTree = BUILT_PRODUCTS_DIR; };
		0454600724373624002A3E6B /* GCDDemoUITests.m */ = {isa = PBXFileReference; lastKnownFileType = sourcecode.c.objc; path = GCDDemoUITests.m; sourceTree = "<group>"; };
		0454600924373624002A3E6B /* Info.plist */ = {isa = PBXFileReference; lastKnownFileType = text.plist.xml; path = Info.plist; sourceTree = "<group>"; };
/* End PBXFileReference section */

/* Begin PBXFrameworksBuildPhase section */
		04545FDA24373623002A3E6B /* Frameworks */ = {
			isa = PBXFrameworksBuildPhase;
			buildActionMask = 2147483647;
			files = (
			);
			runOnlyForDeploymentPostprocessing = 0;
		};
		04545FF524373624002A3E6B /* Frameworks */ = {
			isa = PBXFrameworksBuildPhase;
			buildActionMask = 2147483647;
			files = (
			);
			runOnlyForDeploymentPostprocessing = 0;
		};
		0454600024373624002A3E6B /* Frameworks */ = {
			isa = PBXFrameworksBuildPhase;
			buildActionMask = 2147483647;
			files = (
			);
			runOnlyForDeploymentPostprocessing = 0;
		};
/* End PBXFrameworksBuildPhase section */

/* Begin PBXGroup section */
		04545FD424373623002A3E6B = {
			isa = PBXGroup;
			children = (
				04545FDF24373623002A3E6B /* GCDDemo */,
				04545FFB24373624002A3E6B /* GCDDemoTests */,
				0454600624373624002A3E6B /* GCDDemoUITests */,
				04545FDE24373623002A3E6B /* Products */,
			);
			sourceTree = "<group>";
		};
		04545FDE24373623002A3E6B /* Products */ = {
			isa = PBXGroup;
			children = (
				04545FDD24373623002A3E6B /* GCDDemo.app */,
				04545FF824373624002A3E6B /* GCDDemoTests.xctest */,
				0454600324373624002A3E6B /* GCDDemoUITests.xctest */,
			);
			name = Products;
			sourceTree = "<group>";
		};
		04545FDF24373623002A3E6B /* GCDDemo */ = {
			isa = PBXGroup;
			children = (
				04545FE024373623002A3E6B /* AppDelegate.h */,
				04545FE124373623002A3E6B /* AppDelegate.m */,
				04545FE324373623002A3E6B /* SceneDelegate.h */,
				04545FE424373623002A3E6B /* SceneDelegate.m */,
				04545FE624373623002A3E6B /* ViewController.h */,
				04545FE724373623002A3E6B /* ViewController.m */,
				04545FE924373623002A3E6B /* Main.storyboard */,
				04545FEC24373624002A3E6B /* Assets.xcassets */,
				04545FEE24373624002A3E6B /* LaunchScreen.storyboard */,
				04545FF124373624002A3E6B /* Info.plist */,
				04545FF224373624002A3E6B /* main.m */,
			);
			path = GCDDemo;
			sourceTree = "<group>";
		};
		04545FFB24373624002A3E6B /* GCDDemoTests */ = {
			isa = PBXGroup;
			children = (
				04545FFC24373624002A3E6B /* GCDDemoTests.m */,
				04545FFE24373624002A3E6B /* Info.plist */,
			);
			path = GCDDemoTests;
			sourceTree = "<group>";
		};
		0454600624373624002A3E6B /* GCDDemoUITests */ = {
			isa = PBXGroup;
			children = (
				0454600724373624002A3E6B /* GCDDemoUITests.m */,
				0454600924373624002A3E6B /* Info.plist */,
			);
			path = GCDDemoUITests;
			sourceTree = "<group>";
		};
/* End PBXGroup section */

/* Begin PBXNativeTarget section */
		04545FDC24373623002A3E6B /* GCDDemo */ = {
			isa = PBXNativeTarget;
			buildConfigurationList = 0454600C24373624002A3E6B /* Build configuration list for PBXNativeTarget "GCDDemo" */;
			buildPhases = (
				04545FD924373623002A3E6B /* Sources */,
				04545FDA24373623002A3E6B /* Frameworks */,
				04545FDB24373623002A3E6B /* Resources */,
			);
			buildRules = (
			);
			dependencies = (
			);
			name = GCDDemo;
			productName = GCDDemo;
			productReference = 04545FDD24373623002A3E6B /* GCDDemo.app */;
			productType = "com.apple.product-type.application";
		};
		04545FF724373624002A3E6B /* GCDDemoTests */ = {
			isa = PBXNativeTarget;
			buildConfigurationList = 0454600F24373624002A3E6B /* Build configuration list for PBXNativeTarget "GCDDemoTests" */;
			buildPhases = (
				04545FF424373624002A3E6B /* Sources */,
				04545FF524373624002A3E6B /* Frameworks */,
				04545FF624373624002A3E6B /* Resources */,
			);
			buildRules = (
			);
			dependencies = (
				04545FFA24373624002A3E6B /* PBXTargetDependency */,
			);
			name = GCDDemoTests;
			productName = GCDDemoTests;
			productReference = 04545FF824373624002A3E6B /* GCDDemoTests.xctest */;
			productType = "com.apple.product-type.bundle.unit-test";
		};
		0454600224373624002A3E6B /* GCDDemoUITests */ = {
			isa = PBXNativeTarget;
			buildConfigurationList = 0454601224373624002A3E6B /* Build configuration list for PBXNativeTarget "GCDDemoUITests" */;
			buildPhases = (
				04545FFF24373624002A3E6B /* Sources */,
				0454600024373624002A3E6B /* Frameworks */,
				0454600124373624002A3E6B /* Resources */,
			);
			buildRules = (
			);
			dependencies = (
				0454600524373624002A3E6B /* PBXTargetDependency */,
			);
			name = GCDDemoUITests;
			productName = GCDDemoUITests;
			productReference = 0454600324373624002A3E6B /* GCDDemoUITests.xctest */;
			productType = "com.apple.product-type.bundle.ui-testing";
		};
/* End PBXNativeTarget section */

/* Begin PBXProject section */
		04545FD524373623002A3E6B /* Project object */ = {
			isa = PBXProject;
			attributes = {
				LastUpgradeCheck = 1130;
				ORGANIZATIONNAME = TLLTD;
				TargetAttributes = {
					04545FDC24373623002A3E6B = {
						CreatedOnToolsVersion = 11.3.1;
					};
					04545FF724373624002A3E6B = {
						CreatedOnToolsVersion = 11.3.1;
						TestTargetID = 04545FDC24373623002A3E6B;
					};
					0454600224373624002A3E6B = {
						CreatedOnToolsVersion = 11.3.1;
						TestTargetID = 04545FDC24373623002A3E6B;
					};
				};
			};
			buildConfigurationList = 04545FD824373623002A3E6B /* Build configuration list for PBXProject "GCDDemo" */;
			compatibilityVersion = "Xcode 9.3";
			developmentRegion = en;
			hasScannedForEncodings = 0;
			knownRegions = (
				en,
				Base,
			);
			mainGroup = 04545FD424373623002A3E6B;
			productRefGroup = 04545FDE24373623002A3E6B /* Products */;
			projectDirPath = "";
			projectRoot = "";
			targets = (
				04545FDC24373623002A3E6B /* GCDDemo */,
				04545FF724373624002A3E6B /* GCDDemoTests */,
				0454600224373624002A3E6B /* GCDDemoUITests */,
			);
		};
/* End PBXProject section */

/* Begin PBXResourcesBuildPhase section */
		04545FDB24373623002A3E6B /* Resources */ = {
			isa = PBXResourcesBuildPhase;
			buildActionMask = 2147483647;
			files = (
				04545FF024373624002A3E6B /* LaunchScreen.storyboard in Resources */,
				04545FED24373624002A3E6B /* Assets.xcassets in Resources */,
				04545FEB24373623002A3E6B /* Main.storyboard in Resources */,
			);
			runOnlyForDeploymentPostprocessing = 0;
		};
		04545FF624373624002A3E6B /* Resources */ = {
			isa = PBXResourcesBuildPhase;
			buildActionMask = 2147483647;
			files = (
			);
			runOnlyForDeploymentPostprocessing = 0;
		};
		0454600124373624002A3E6B /* Resources */ = {
			isa = PBXResourcesBuildPhase;
			buildActionMask = 2147483647;
			files = (
			);
			runOnlyForDeploymentPostprocessing = 0;
		};
/* End PBXResourcesBuildPhase section */

/* Begin PBXSourcesBuildPhase section */
		04545FD924373623002A3E6B /* Sources */ = {
			isa = PBXSourcesBuildPhase;
			buildActionMask = 2147483647;
			files = (
				04545FE824373623002A3E6B /* ViewController.m in Sources */,
				04545FE224373623002A3E6B /* AppDelegate.m in Sources */,
				04545FF324373624002A3E6B /* main.m in Sources */,
				04545FE524373623002A3E6B /* SceneDelegate.m in Sources */,
			);
			runOnlyForDeploymentPostprocessing = 0;
		};
		04545FF424373624002A3E6B /* Sources */ = {
			isa = PBXSourcesBuildPhase;
			buildActionMask = 2147483647;
			files = (
				04545FFD24373624002A3E6B /* GCDDemoTests.m in Sources */,
			);
			runOnlyForDeploymentPostprocessing = 0;
		};
		04545FFF24373624002A3E6B /* Sources */ = {
			isa = PBXSourcesBuildPhase;
			buildActionMask = 2147483647;
			files = (
				0454600824373624002A3E6B /* GCDDemoUITests.m in Sources */,
			);
			runOnlyForDeploymentPostprocessing = 0;
		};
/* End PBXSourcesBuildPhase section */

/* Begin PBXTargetDependency section */
		04545FFA24373624002A3E6B /* PBXTargetDependency */ = {
			isa = PBXTargetDependency;
			target = 04545FDC24373623002A3E6B /* GCDDemo */;
			targetProxy = 04545FF924373624002A3E6B /* PBXContainerItemProxy */;
		};
		0454600524373624002A3E6B /* PBXTargetDependency */ = {
			isa = PBXTargetDependency;
			target = 04545FDC24373623002A3E6B /* GCDDemo */;
			targetProxy = 0454600424373624002A3E6B /* PBXContainerItemProxy */;
		};
/* End PBXTargetDependency section */

/* Begin PBXVariantGroup section */
		04545FE924373623002A3E6B /* Main.storyboard */ = {
			isa = PBXVariantGroup;
			children = (
				04545FEA24373623002A3E6B /* Base */,
			);
			name = Main.storyboard;
			sourceTree = "<group>";
		};
		04545FEE24373624002A3E6B /* LaunchScreen.storyboard */ = {
			isa = PBXVariantGroup;
			children = (
				04545FEF24373624002A3E6B /* Base */,
			);
			name = LaunchScreen.storyboard;
			sourceTree = "<group>";
		};
/* End PBXVariantGroup section */

/* Begin XCBuildConfiguration section */
		0454600A24373624002A3E6B /* Debug */ = {
			isa = XCBuildConfiguration;
			buildSettings = {
				ALWAYS_SEARCH_USER_PATHS = NO;
				CLANG_ANALYZER_NONNULL = YES;
				CLANG_ANALYZER_NUMBER_OBJECT_CONVERSION = YES_AGGRESSIVE;
				CLANG_CXX_LANGUAGE_STANDARD = "gnu++14";
				CLANG_CXX_LIBRARY = "libc++";
				CLANG_ENABLE_MODULES = YES;
				CLANG_ENABLE_OBJC_ARC = YES;
				CLANG_ENABLE_OBJC_WEAK = YES;
				CLANG_WARN_BLOCK_CAPTURE_AUTORELEASING = YES;
				CLANG_WARN_BOOL_CONVERSION = YES;
				CLANG_WARN_COMMA = YES;
				CLANG_WARN_CONSTANT_CONVERSION = YES;
				CLANG_WARN_DEPRECATED_OBJC_IMPLEMENTATIONS = YES;
				CLANG_WARN_DIRECT_OBJC_ISA_USAGE = YES_ERROR;
				CLANG_WARN_DOCUMENTATION_COMMENTS = YES;
				CLANG_WARN_EMPTY_BODY = YES;
				CLANG_WARN_ENUM_CONVERSION = YES;
				CLANG_WARN_INFINITE_RECURSION = YES;
				CLANG_WARN_INT_CONVERSION = YES;
				CLANG_WARN_NON_LITERAL_NULL_CONVERSION = YES;
				CLANG_WARN_OBJC_IMPLICIT_RETAIN_SELF = YES;
				CLANG_WARN_OBJC_LITERAL_CONVERSION = YES;
				CLANG_WARN_OBJC_ROOT_CLASS = YES_ERROR;
				CLANG_WARN_RANGE_LOOP_ANALYSIS = YES;
				CLANG_WARN_STRICT_PROTOTYPES = YES;
				CLANG_WARN_SUSPICIOUS_MOVE = YES;
				CLANG_WARN_UNGUARDED_AVAILABILITY = YES_AGGRESSIVE;
				CLANG_WARN_UNREACHABLE_CODE = YES;
				CLANG_WARN__DUPLICATE_METHOD_MATCH = YES;
				COPY_PHASE_STRIP = NO;
				DEBUG_INFORMATION_FORMAT = dwarf;
				ENABLE_STRICT_OBJC_MSGSEND = YES;
				ENABLE_TESTABILITY = YES;
				GCC_C_LANGUAGE_STANDARD = gnu11;
				GCC_DYNAMIC_NO_PIC = NO;
				GCC_NO_COMMON_BLOCKS = YES;
				GCC_OPTIMIZATION_LEVEL = 0;
				GCC_PREPROCESSOR_DEFINITIONS = (
					"DEBUG=1",
					"$(inherited)",
				);
				GCC_WARN_64_TO_32_BIT_CONVERSION = YES;
				GCC_WARN_ABOUT_RETURN_TYPE = YES_ERROR;
				GCC_WARN_UNDECLARED_SELECTOR = YES;
				GCC_WARN_UNINITIALIZED_AUTOS = YES_AGGRESSIVE;
				GCC_WARN_UNUSED_FUNCTION = YES;
				GCC_WARN_UNUSED_VARIABLE = YES;
				IPHONEOS_DEPLOYMENT_TARGET = 13.2;
				MTL_ENABLE_DEBUG_INFO = INCLUDE_SOURCE;
				MTL_FAST_MATH = YES;
				ONLY_ACTIVE_ARCH = YES;
				SDKROOT = iphoneos;
			};
			name = Debug;
		};
		0454600B24373624002A3E6B /* Release */ = {
			isa = XCBuildConfiguration;
			buildSettings = {
				ALWAYS_SEARCH_USER_PATHS = NO;
				CLANG_ANALYZER_NONNULL = YES;
				CLANG_ANALYZER_NUMBER_OBJECT_CONVERSION = YES_AGGRESSIVE;
				CLANG_CXX_LANGUAGE_STANDARD = "gnu++14";
				CLANG_CXX_LIBRARY = "libc++";
				CLANG_ENABLE_MODULES = YES;
				CLANG_ENABLE_OBJC_ARC = YES;
				CLANG_ENABLE_OBJC_WEAK = YES;
				CLANG_WARN_BLOCK_CAPTURE_AUTORELEASING = YES;
				CLANG_WARN_BOOL_CONVERSION = YES;
				CLANG_WARN_COMMA = YES;
				CLANG_WARN_CONSTANT_CONVERSION = YES;
				CLANG_WARN_DEPRECATED_OBJC_IMPLEMENTATIONS = YES;
				CLANG_WARN_DIRECT_OBJC_ISA_USAGE = YES_ERROR;
				CLANG_WARN_DOCUMENTATION_COMMENTS = YES;
				CLANG_WARN_EMPTY_BODY = YES;
				CLANG_WARN_ENUM_CONVERSION = YES;
				CLANG_WARN_INFINITE_RECURSION = YES;
				CLANG_WARN_INT_CONVERSION = YES;
				CLANG_WARN_NON_LITERAL_NULL_CONVERSION = YES;
				CLANG_WARN_OBJC_IMPLICIT_RETAIN_SELF = YES;
				CLANG_WARN_OBJC_LITERAL_CONVERSION = YES;
				CLANG_WARN_OBJC_ROOT_CLASS = YES_ERROR;
				CLANG_WARN_RANGE_LOOP_ANALYSIS = YES;
				CLANG_WARN_STRICT_PROTOTYPES = YES;
				CLANG_WARN_SUSPICIOUS_MOVE = YES;
				CLANG_WARN_UNGUARDED_AVAILABILITY = YES_AGGRESSIVE;
				CLANG_WARN_UNREACHABLE_CODE = YES;
				CLANG_WARN__DUPLICATE_METHOD_MATCH = YES;
				COPY_PHASE_STRIP = NO;
				DEBUG_INFORMATION_FORMAT = "dwarf-with-dsym";
				ENABLE_NS_ASSERTIONS = NO;
				ENABLE_STRICT_OBJC_MSGSEND = YES;
				GCC_C_LANGUAGE_STANDARD = gnu11;
				GCC_NO_COMMON_BLOCKS = YES;
				GCC_WARN_64_TO_32_BIT_CONVERSION = YES;
				GCC_WARN_ABOUT_RETURN_TYPE = YES_ERROR;
				GCC_WARN_UNDECLARED_SELECTOR = YES;
				GCC_WARN_UNINITIALIZED_AUTOS = YES_AGGRESSIVE;
				GCC_WARN_UNUSED_FUNCTION = YES;
				GCC_WARN_UNUSED_VARIABLE = YES;
				IPHONEOS_DEPLOYMENT_TARGET = 13.2;
				MTL_ENABLE_DEBUG_INFO = NO;
				MTL_FAST_MATH = YES;
				SDKROOT = iphoneos;
				VALIDATE_PRODUCT = YES;
			};
			name = Release;
		};
		0454600D24373624002A3E6B /* Debug */ = {
			isa = XCBuildConfiguration;
			buildSettings = {
				ASSETCATALOG_COMPILER_APPICON_NAME = AppIcon;
				CODE_SIGN_STYLE = Automatic;
				DEVELOPMENT_TEAM = LPF3349M6Q;
				INFOPLIST_FILE = GCDDemo/Info.plist;
				LD_RUNPATH_SEARCH_PATHS = (
					"$(inherited)",
					"@executable_path/Frameworks",
				);
				PRODUCT_BUNDLE_IDENTIFIER = TLTech.GCDDemo;
				PRODUCT_NAME = "$(TARGET_NAME)";
				TARGETED_DEVICE_FAMILY = "1,2";
			};
			name = Debug;
		};
		0454600E24373624002A3E6B /* Release */ = {
			isa = XCBuildConfiguration;
			buildSettings = {
				ASSETCATALOG_COMPILER_APPICON_NAME = AppIcon;
				CODE_SIGN_STYLE = Automatic;
				DEVELOPMENT_TEAM = LPF3349M6Q;
				INFOPLIST_FILE = GCDDemo/Info.plist;
				LD_RUNPATH_SEARCH_PATHS = (
					"$(inherited)",
					"@executable_path/Frameworks",
				);
				PRODUCT_BUNDLE_IDENTIFIER = TLTech.GCDDemo;
				PRODUCT_NAME = "$(TARGET_NAME)";
				TARGETED_DEVICE_FAMILY = "1,2";
			};
			name = Release;
		};
		0454601024373624002A3E6B /* Debug */ = {
			isa = XCBuildConfiguration;
			buildSettings = {
				BUNDLE_LOADER = "$(TEST_HOST)";
				CODE_SIGN_STYLE = Automatic;
				DEVELOPMENT_TEAM = LPF3349M6Q;
				INFOPLIST_FILE = GCDDemoTests/Info.plist;
				IPHONEOS_DEPLOYMENT_TARGET = 13.2;
				LD_RUNPATH_SEARCH_PATHS = (
					"$(inherited)",
					"@executable_path/Frameworks",
					"@loader_path/Frameworks",
				);
				PRODUCT_BUNDLE_IDENTIFIER = TLTech.GCDDemoTests;
				PRODUCT_NAME = "$(TARGET_NAME)";
				TARGETED_DEVICE_FAMILY = "1,2";
				TEST_HOST = "$(BUILT_PRODUCTS_DIR)/GCDDemo.app/GCDDemo";
			};
			name = Debug;
		};
		0454601124373624002A3E6B /* Release */ = {
			isa = XCBuildConfiguration;
			buildSettings = {
				BUNDLE_LOADER = "$(TEST_HOST)";
				CODE_SIGN_STYLE = Automatic;
				DEVELOPMENT_TEAM = LPF3349M6Q;
				INFOPLIST_FILE = GCDDemoTests/Info.plist;
				IPHONEOS_DEPLOYMENT_TARGET = 13.2;
				LD_RUNPATH_SEARCH_PATHS = (
					"$(inherited)",
					"@executable_path/Frameworks",
					"@loader_path/Frameworks",
				);
				PRODUCT_BUNDLE_IDENTIFIER = TLTech.GCDDemoTests;
				PRODUCT_NAME = "$(TARGET_NAME)";
				TARGETED_DEVICE_FAMILY = "1,2";
				TEST_HOST = "$(BUILT_PRODUCTS_DIR)/GCDDemo.app/GCDDemo";
			};
			name = Release;
		};
		0454601324373624002A3E6B /* Debug */ = {
			isa = XCBuildConfiguration;
			buildSettings = {
				CODE_SIGN_STYLE = Automatic;
				DEVELOPMENT_TEAM = LPF3349M6Q;
				INFOPLIST_FILE = GCDDemoUITests/Info.plist;
				LD_RUNPATH_SEARCH_PATHS = (
					"$(inherited)",
					"@executable_path/Frameworks",
					"@loader_path/Frameworks",
				);
				PRODUCT_BUNDLE_IDENTIFIER = TLTech.GCDDemoUITests;
				PRODUCT_NAME = "$(TARGET_NAME)";
				TARGETED_DEVICE_FAMILY = "1,2";
				TEST_TARGET_NAME = GCDDemo;
			};
			name = Debug;
		};
		0454601424373624002A3E6B /* Release */ = {
			isa = XCBuildConfiguration;
			buildSettings = {
				CODE_SIGN_STYLE = Automatic;
				DEVELOPMENT_TEAM = LPF3349M6Q;
				INFOPLIST_FILE = GCDDemoUITests/Info.plist;
				LD_RUNPATH_SEARCH_PATHS = (
					"$(inherited)",
					"@executable_path/Frameworks",
					"@loader_path/Frameworks",
				);
				PRODUCT_BUNDLE_IDENTIFIER = TLTech.GCDDemoUITests;
				PRODUCT_NAME = "$(TARGET_NAME)";
				TARGETED_DEVICE_FAMILY = "1,2";
				TEST_TARGET_NAME = GCDDemo;
			};
			name = Release;
		};
/* End XCBuildConfiguration section */

/* Begin XCConfigurationList section */
		04545FD824373623002A3E6B /* Build configuration list for PBXProject "GCDDemo" */ = {
			isa = XCConfigurationList;
			buildConfigurations = (
				0454600A24373624002A3E6B /* Debug */,
				0454600B24373624002A3E6B /* Release */,
			);
			defaultConfigurationIsVisible = 0;
			defaultConfigurationName = Release;
		};
		0454600C24373624002A3E6B /* Build configuration list for PBXNativeTarget "GCDDemo" */ = {
			isa = XCConfigurationList;
			buildConfigurations = (
				0454600D24373624002A3E6B /* Debug */,
				0454600E24373624002A3E6B /* Release */,
			);
			defaultConfigurationIsVisible = 0;
			defaultConfigurationName = Release;
		};
		0454600F24373624002A3E6B /* Build configuration list for PBXNativeTarget "GCDDemoTests" */ = {
			isa = XCConfigurationList;
			buildConfigurations = (
				0454601024373624002A3E6B /* Debug */,
				0454601124373624002A3E6B /* Release */,
			);
			defaultConfigurationIsVisible = 0;
			defaultConfigurationName = Release;
		};
		0454601224373624002A3E6B /* Build configuration list for PBXNativeTarget "GCDDemoUITests" */ = {
			isa = XCConfigurationList;
			buildConfigurations = (
				0454601324373624002A3E6B /* Debug */,
				0454601424373624002A3E6B /* Release */,
			);
			defaultConfigurationIsVisible = 0;
			defaultConfigurationName = Release;
		};
/* End XCConfigurationList section */
	};
	rootObject = 04545FD524373623002A3E6B /* Project object */;
}
